{
    "2018": true,
    "2017": true,
    "2016": true,
    "2015": true,
    "2014": true,
    "2013": true,
    "2012": true,
    "2011": true,
    "2010": true,
    "2009": true,
    "2008": true,
    "2007": true,
    "2006": true,
    "2005": true,
    "2004": true,
    "2003": true,
    "2002": true,
    "2001": true,
    "2000": true,
    "1999": true,
    "1998": true,
    "1997": true,
    "1996": true,
    "1995": true,
    "1994": true,
    "1993": true,
    "1992": true,
    "1991": true,
    "1990": true,
    "1989": true,
    "1988": true,
    "1987": true,
    "1986": true,
    "1985": true,
    "1984": true,
    "1983": true,
    "1982": true,
    "1981": true,
    "1980": true,
    "2019": true
}